
Microsoft Visual Studio Solution File, Format Version 12.00
# Visual Studio Version 16
VisualStudioVersion = 16.0.31105.61
MinimumVisualStudioVersion = 10.0.40219.1
Project("{9A19103F-16F7-4668-BE54-9A1E7A4F7556}") = "L4NdoStreamService", "L4NdoStreamService\L4NdoStreamService.csproj", "{6A95BA95-2747-4062-A458-847F3831E605}"
EndProject
Project("{FAE04EC0-301F-11D3-BF4B-00C04F79EFBC}") = "L4NdoStreamClient", "L4NdoStreamClient\L4NdoStreamClient.csproj", "{3EF82056-7795-4397-A124-CB6A3056C44B}"
EndProject
Global
	GlobalSection(SolutionConfigurationPlatforms) = preSolution
		Debug|Any CPU = Debug|Any CPU
		Release|Any CPU = Release|Any CPU
	EndGlobalSection
	GlobalSection(ProjectConfigurationPlatforms) = postSolution
		{6A95BA95-2747-4062-A458-847F3831E605}.Debug|Any CPU.ActiveCfg = Debug|Any CPU
		{6A95BA95-2747-4062-A458-847F3831E605}.Debug|Any CPU.Build.0 = Debug|Any CPU
		{6A95BA95-2747-4062-A458-847F3831E605}.Release|Any CPU.ActiveCfg = Release|Any CPU
		{6A95BA95-2747-4062-A458-847F3831E605}.Release|Any CPU.Build.0 = Release|Any CPU
		{3EF82056-7795-4397-A124-CB6A3056C44B}.Debug|Any CPU.ActiveCfg = Debug|Any CPU
		{3EF82056-7795-4397-A124-CB6A3056C44B}.Debug|Any CPU.Build.0 = Debug|Any CPU
		{3EF82056-7795-4397-A124-CB6A3056C44B}.Release|Any CPU.ActiveCfg = Release|Any CPU
		{3EF82056-7795-4397-A124-CB6A3056C44B}.Release|Any CPU.Build.0 = Release|Any CPU
	EndGlobalSection
	GlobalSection(SolutionProperties) = preSolution
		HideSolutionNode = FALSE
	EndGlobalSection
	GlobalSection(ExtensibilityGlobals) = postSolution
		SolutionGuid = {7C733FFC-B075-4E51-A34D-0EE19BF94D2A}
	EndGlobalSection
EndGlobal
